
Microsoft Visual Studio Solution File, Format Version 12.00
# Visual Studio Version 17
VisualStudioVersion = 17.11.35222.181
MinimumVisualStudioVersion = 10.0.40219.1
Project("{FAE04EC0-301F-11D3-BF4B-00C04F79EFBC}") = "CFB25", "CFB25.csproj", "{4649718D-4AED-4125-8CD7-5C767BBB80A2}"
EndProject
Global
	GlobalSection(SolutionConfigurationPlatforms) = preSolution
		Debug|Any CPU = Debug|Any CPU
		Release|Any CPU = Release|Any CPU
	EndGlobalSection
	GlobalSection(ProjectConfigurationPlatforms) = postSolution
		{4649718D-4AED-4125-8CD7-5C767BBB80A2}.Debug|Any CPU.ActiveCfg = Debug|Any CPU
		{4649718D-4AED-4125-8CD7-5C767BBB80A2}.Debug|Any CPU.Build.0 = Debug|Any CPU
		{4649718D-4AED-4125-8CD7-5C767BBB80A2}.Release|Any CPU.ActiveCfg = Release|Any CPU
		{4649718D-4AED-4125-8CD7-5C767BBB80A2}.Release|Any CPU.Build.0 = Release|Any CPU
	EndGlobalSection
	GlobalSection(SolutionProperties) = preSolution
		HideSolutionNode = FALSE
	EndGlobalSection
	GlobalSection(ExtensibilityGlobals) = postSolution
		SolutionGuid = {3A00505F-10EB-48E4-AE7B-99D9C2FFEC80}
	EndGlobalSection
EndGlobal
